
Microsoft Visual Studio Solution File, Format Version 12.00
# Visual Studio 14
VisualStudioVersion = 14.0.25420.1
MinimumVisualStudioVersion = 10.0.40219.1
Project("{2150E333-8FDC-42A3-9474-1A3956D46DE8}") = "1 - Aplicacao", "1 - Aplicacao", "{18E5A6AB-8041-4BFA-9134-83F8B4FCA213}"
EndProject
Project("{2150E333-8FDC-42A3-9474-1A3956D46DE8}") = "2 - Dominio", "2 - Dominio", "{B99E1946-7C37-4469-AFEE-4193125150C7}"
EndProject
Project("{2150E333-8FDC-42A3-9474-1A3956D46DE8}") = "3 - Infra", "3 - Infra", "{9A4C9420-1D87-470E-A5C7-AAB860E6D531}"
EndProject
Project("{FAE04EC0-301F-11D3-BF4B-00C04F79EFBC}") = "TioPatinhasApi", "TioPatinhasApi\TioPatinhasApi.csproj", "{E31C5D89-3DF8-4ADD-BB56-0F410871EA11}"
EndProject
Project("{FAE04EC0-301F-11D3-BF4B-00C04F79EFBC}") = "TioPatinhasAplicacao", "TioPatinhasAplicacao\TioPatinhasAplicacao.csproj", "{7EBA3253-9C5D-4BB2-A17E-65BF8AA24A44}"
EndProject
Project("{FAE04EC0-301F-11D3-BF4B-00C04F79EFBC}") = "TioPatinhasDados", "TioPatinhasDados\TioPatinhasDados.csproj", "{B985F460-3390-426E-B202-708C25341B94}"
EndProject
Project("{FAE04EC0-301F-11D3-BF4B-00C04F79EFBC}") = "TioPatinhasDominio", "TioPatinhasDominio\TioPatinhasDominio.csproj", "{AB2D4CCA-A934-4AC5-B79E-84BA7E06A516}"
EndProject
Project("{FAE04EC0-301F-11D3-BF4B-00C04F79EFBC}") = "TioPatinhasRecursos", "TioPatinhasRecursos\TioPatinhasRecursos.csproj", "{2F6F3AD4-B245-471E-A5AC-EC3989854C40}"
EndProject
Project("{FAE04EC0-301F-11D3-BF4B-00C04F79EFBC}") = "TioPatinhasTarefa", "TioPatinhasTarefa\TioPatinhasTarefa.csproj", "{ED7B98CC-436D-4425-99AF-6DBA5F52F443}"
EndProject
Project("{FAE04EC0-301F-11D3-BF4B-00C04F79EFBC}") = "TioPatinhasTransversal", "TioPatinhasTransversal\TioPatinhasTransversal.csproj", "{C9B7263D-F8FB-4667-882C-9291ADCCCA21}"
EndProject
Project("{2150E333-8FDC-42A3-9474-1A3956D46DE8}") = "3.1 - Dados", "3.1 - Dados", "{7F2F9264-19C4-4438-BBD3-D0756F1C0517}"
EndProject
Project("{2150E333-8FDC-42A3-9474-1A3956D46DE8}") = "3.2 - Transversal", "3.2 - Transversal", "{249D854E-782C-4BA8-9D33-D9DF067099DF}"
EndProject
Project("{2150E333-8FDC-42A3-9474-1A3956D46DE8}") = "2 - TioPatinhas.CORE", "2 - TioPatinhas.CORE", "{21F0DB75-FEB4-4DC7-A90E-CADA47F5D96F}"
EndProject
Project("{2150E333-8FDC-42A3-9474-1A3956D46DE8}") = "3 - TioPatinhas.DDD", "3 - TioPatinhas.DDD", "{D606B08F-05A3-4E1E-82EF-402619265F41}"
EndProject
Project("{2150E333-8FDC-42A3-9474-1A3956D46DE8}") = "1 - TioPatinhas.VIEW", "1 - TioPatinhas.VIEW", "{DC45F6C9-3C5A-456E-AB1E-6F77E91DDD6B}"
EndProject
Project("{FAE04EC0-301F-11D3-BF4B-00C04F79EFBC}") = "Margarida", "Margarida\Margarida.csproj", "{6EEA0E12-AE25-4E23-B4F0-7A64FC20A3FB}"
EndProject
Global
	GlobalSection(SolutionConfigurationPlatforms) = preSolution
		Debug|Any CPU = Debug|Any CPU
		Release|Any CPU = Release|Any CPU
	EndGlobalSection
	GlobalSection(ProjectConfigurationPlatforms) = postSolution
		{E31C5D89-3DF8-4ADD-BB56-0F410871EA11}.Debug|Any CPU.ActiveCfg = Debug|Any CPU
		{E31C5D89-3DF8-4ADD-BB56-0F410871EA11}.Debug|Any CPU.Build.0 = Debug|Any CPU
		{E31C5D89-3DF8-4ADD-BB56-0F410871EA11}.Release|Any CPU.ActiveCfg = Release|Any CPU
		{E31C5D89-3DF8-4ADD-BB56-0F410871EA11}.Release|Any CPU.Build.0 = Release|Any CPU
		{7EBA3253-9C5D-4BB2-A17E-65BF8AA24A44}.Debug|Any CPU.ActiveCfg = Debug|Any CPU
		{7EBA3253-9C5D-4BB2-A17E-65BF8AA24A44}.Debug|Any CPU.Build.0 = Debug|Any CPU
		{7EBA3253-9C5D-4BB2-A17E-65BF8AA24A44}.Release|Any CPU.ActiveCfg = Release|Any CPU
		{7EBA3253-9C5D-4BB2-A17E-65BF8AA24A44}.Release|Any CPU.Build.0 = Release|Any CPU
		{B985F460-3390-426E-B202-708C25341B94}.Debug|Any CPU.ActiveCfg = Debug|Any CPU
		{B985F460-3390-426E-B202-708C25341B94}.Debug|Any CPU.Build.0 = Debug|Any CPU
		{B985F460-3390-426E-B202-708C25341B94}.Release|Any CPU.ActiveCfg = Release|Any CPU
		{B985F460-3390-426E-B202-708C25341B94}.Release|Any CPU.Build.0 = Release|Any CPU
		{AB2D4CCA-A934-4AC5-B79E-84BA7E06A516}.Debug|Any CPU.ActiveCfg = Debug|Any CPU
		{AB2D4CCA-A934-4AC5-B79E-84BA7E06A516}.Debug|Any CPU.Build.0 = Debug|Any CPU
		{AB2D4CCA-A934-4AC5-B79E-84BA7E06A516}.Release|Any CPU.ActiveCfg = Release|Any CPU
		{AB2D4CCA-A934-4AC5-B79E-84BA7E06A516}.Release|Any CPU.Build.0 = Release|Any CPU
		{2F6F3AD4-B245-471E-A5AC-EC3989854C40}.Debug|Any CPU.ActiveCfg = Debug|Any CPU
		{2F6F3AD4-B245-471E-A5AC-EC3989854C40}.Debug|Any CPU.Build.0 = Debug|Any CPU
		{2F6F3AD4-B245-471E-A5AC-EC3989854C40}.Release|Any CPU.ActiveCfg = Release|Any CPU
		{2F6F3AD4-B245-471E-A5AC-EC3989854C40}.Release|Any CPU.Build.0 = Release|Any CPU
		{ED7B98CC-436D-4425-99AF-6DBA5F52F443}.Debug|Any CPU.ActiveCfg = Debug|Any CPU
		{ED7B98CC-436D-4425-99AF-6DBA5F52F443}.Debug|Any CPU.Build.0 = Debug|Any CPU
		{ED7B98CC-436D-4425-99AF-6DBA5F52F443}.Release|Any CPU.ActiveCfg = Release|Any CPU
		{ED7B98CC-436D-4425-99AF-6DBA5F52F443}.Release|Any CPU.Build.0 = Release|Any CPU
		{C9B7263D-F8FB-4667-882C-9291ADCCCA21}.Debug|Any CPU.ActiveCfg = Debug|Any CPU
		{C9B7263D-F8FB-4667-882C-9291ADCCCA21}.Debug|Any CPU.Build.0 = Debug|Any CPU
		{C9B7263D-F8FB-4667-882C-9291ADCCCA21}.Release|Any CPU.ActiveCfg = Release|Any CPU
		{C9B7263D-F8FB-4667-882C-9291ADCCCA21}.Release|Any CPU.Build.0 = Release|Any CPU
		{6EEA0E12-AE25-4E23-B4F0-7A64FC20A3FB}.Debug|Any CPU.ActiveCfg = Debug|Any CPU
		{6EEA0E12-AE25-4E23-B4F0-7A64FC20A3FB}.Debug|Any CPU.Build.0 = Debug|Any CPU
		{6EEA0E12-AE25-4E23-B4F0-7A64FC20A3FB}.Release|Any CPU.ActiveCfg = Release|Any CPU
		{6EEA0E12-AE25-4E23-B4F0-7A64FC20A3FB}.Release|Any CPU.Build.0 = Release|Any CPU
	EndGlobalSection
	GlobalSection(SolutionProperties) = preSolution
		HideSolutionNode = FALSE
	EndGlobalSection
	GlobalSection(NestedProjects) = preSolution
		{18E5A6AB-8041-4BFA-9134-83F8B4FCA213} = {D606B08F-05A3-4E1E-82EF-402619265F41}
		{B99E1946-7C37-4469-AFEE-4193125150C7} = {D606B08F-05A3-4E1E-82EF-402619265F41}
		{9A4C9420-1D87-470E-A5C7-AAB860E6D531} = {D606B08F-05A3-4E1E-82EF-402619265F41}
		{E31C5D89-3DF8-4ADD-BB56-0F410871EA11} = {18E5A6AB-8041-4BFA-9134-83F8B4FCA213}
		{7EBA3253-9C5D-4BB2-A17E-65BF8AA24A44} = {18E5A6AB-8041-4BFA-9134-83F8B4FCA213}
		{B985F460-3390-426E-B202-708C25341B94} = {7F2F9264-19C4-4438-BBD3-D0756F1C0517}
		{AB2D4CCA-A934-4AC5-B79E-84BA7E06A516} = {B99E1946-7C37-4469-AFEE-4193125150C7}
		{2F6F3AD4-B245-471E-A5AC-EC3989854C40} = {21F0DB75-FEB4-4DC7-A90E-CADA47F5D96F}
		{ED7B98CC-436D-4425-99AF-6DBA5F52F443} = {18E5A6AB-8041-4BFA-9134-83F8B4FCA213}
		{C9B7263D-F8FB-4667-882C-9291ADCCCA21} = {249D854E-782C-4BA8-9D33-D9DF067099DF}
		{7F2F9264-19C4-4438-BBD3-D0756F1C0517} = {9A4C9420-1D87-470E-A5C7-AAB860E6D531}
		{249D854E-782C-4BA8-9D33-D9DF067099DF} = {9A4C9420-1D87-470E-A5C7-AAB860E6D531}
		{6EEA0E12-AE25-4E23-B4F0-7A64FC20A3FB} = {DC45F6C9-3C5A-456E-AB1E-6F77E91DDD6B}
	EndGlobalSection
EndGlobal
